// !$*UTF8*$!
{
	archiveVersion = 1;
	classes = {
	};
	objectVersion = 77;
	objects = {

/* Begin PBXBuildFile section */
		000978CD2FB8410100B4CF4B /* GRDB in Frameworks */ = {isa = PBXBuildFile; productRef = 000978CC2FB8410100B4CF4B /* GRDB */; };
		000978D22FB8414000B4CF4B /* KeychainAccess in Frameworks */ = {isa = PBXBuildFile; productRef = 000978D12FB8414000B4CF4B /* KeychainAccess */; };
/* End PBXBuildFile section */

/* Begin PBXContainerItemProxy section */
		00B1CA1E2FB83ED1007F3676 /* PBXContainerItemProxy */ = {
			isa = PBXContainerItemProxy;
			containerPortal = 00B1CA082FB83ECC007F3676 /* Project object */;
			proxyType = 1;
			remoteGlobalIDString = 00B1CA0F2FB83ECC007F3676;
			remoteInfo = Hibix;
		};
		00B1CA282FB83ED1007F3676 /* PBXContainerItemProxy */ = {
			isa = PBXContainerItemProxy;
			containerPortal = 00B1CA082FB83ECC007F3676 /* Project object */;
			proxyType = 1;
			remoteGlobalIDString = 00B1CA0F2FB83ECC007F3676;
			remoteInfo = Hibix;
		};
/* End PBXContainerItemProxy section */

/* Begin PBXFileReference section */
		0018F0B52FB9D4A2004C3E05 /* Hibix.storekit */ = {isa = PBXFileReference; lastKnownFileType = text; name = Hibix.storekit; path = Configuration/Hibix.storekit; sourceTree = "<group>"; };
		00B1CA102FB83ECC007F3676 /* Hibix.app */ = {isa = PBXFileReference; explicitFileType = wrapper.application; includeInIndex = 0; path = Hibix.app; sourceTree = BUILT_PRODUCTS_DIR; };
		00B1CA1D2FB83ED1007F3676 /* HibixTests.xctest */ = {isa = PBXFileReference; explicitFileType = wrapper.cfbundle; includeInIndex = 0; path = HibixTests.xctest; sourceTree = BUILT_PRODUCTS_DIR; };
		00B1CA272FB83ED1007F3676 /* HibixUITests.xctest */ = {isa = PBXFileReference; explicitFileType = wrapper.cfbundle; includeInIndex = 0; path = HibixUITests.xctest; sourceTree = BUILT_PRODUCTS_DIR; };
/* End PBXFileReference section */

/* Begin PBXFileSystemSynchronizedRootGroup section */
		00B1CA122FB83ECC007F3676 /* Hibix */ = {
			isa = PBXFileSystemSynchronizedRootGroup;
			path = Hibix;
			sourceTree = "<group>";
		};
		00B1CA202FB83ED1007F3676 /* HibixTests */ = {
			isa = PBXFileSystemSynchronizedRootGroup;
			path = HibixTests;
			sourceTree = "<group>";
		};
		00B1CA2A2FB83ED1007F3676 /* HibixUITests */ = {
			isa = PBXFileSystemSynchronizedRootGroup;
			path = HibixUITests;
			sourceTree = "<group>";
		};
/* End PBXFileSystemSynchronizedRootGroup section */

/* Begin PBXFrameworksBuildPhase section */
		00B1CA0D2FB83ECC007F3676 /* Frameworks */ = {
			isa = PBXFrameworksBuildPhase;
			buildActionMask = 2147483647;
			files = (
				000978CD2FB8410100B4CF4B /* GRDB in Frameworks */,
				000978D22FB8414000B4CF4B /* KeychainAccess in Frameworks */,
			);
			runOnlyForDeploymentPostprocessing = 0;
		};
		00B1CA1A2FB83ED1007F3676 /* Frameworks */ = {
			isa = PBXFrameworksBuildPhase;
			buildActionMask = 2147483647;
			files = (
			);
			runOnlyForDeploymentPostprocessing = 0;
		};
		00B1CA242FB83ED1007F3676 /* Frameworks */ = {
			isa = PBXFrameworksBuildPhase;
			buildActionMask = 2147483647;
			files = (
			);
			runOnlyForDeploymentPostprocessing = 0;
		};
/* End PBXFrameworksBuildPhase section */

/* Begin PBXGroup section */
		00B1CA072FB83ECC007F3676 = {
			isa = PBXGroup;
			children = (
				0018F0B52FB9D4A2004C3E05 /* Hibix.storekit */,
				00B1CA122FB83ECC007F3676 /* Hibix */,
				00B1CA202FB83ED1007F3676 /* HibixTests */,
				00B1CA2A2FB83ED1007F3676 /* HibixUITests */,
				00B1CA112FB83ECC007F3676 /* Products */,
			);
			sourceTree = "<group>";
		};
		00B1CA112FB83ECC007F3676 /* Products */ = {
			isa = PBXGroup;
			children = (
				00B1CA102FB83ECC007F3676 /* Hibix.app */,
				00B1CA1D2FB83ED1007F3676 /* HibixTests.xctest */,
				00B1CA272FB83ED1007F3676 /* HibixUITests.xctest */,
			);
			name = Products;
			sourceTree = "<group>";
		};
/* End PBXGroup section */

/* Begin PBXNativeTarget section */
		00B1CA0F2FB83ECC007F3676 /* Hibix */ = {
			isa = PBXNativeTarget;
			buildConfigurationList = 00B1CA312FB83ED1007F3676 /* Build configuration list for PBXNativeTarget "Hibix" */;
			buildPhases = (
				00B1CA0C2FB83ECC007F3676 /* Sources */,
				00B1CA0D2FB83ECC007F3676 /* Frameworks */,
				00B1CA0E2FB83ECC007F3676 /* Resources */,
			);
			buildRules = (
			);
			dependencies = (
			);
			fileSystemSynchronizedGroups = (
				00B1CA122FB83ECC007F3676 /* Hibix */,
			);
			name = Hibix;
			packageProductDependencies = (
				000978CC2FB8410100B4CF4B /* GRDB */,
				000978D12FB8414000B4CF4B /* KeychainAccess */,
			);
			productName = Hibix;
			productReference = 00B1CA102FB83ECC007F3676 /* Hibix.app */;
			productType = "com.apple.product-type.application";
		};
		00B1CA1C2FB83ED1007F3676 /* HibixTests */ = {
			isa = PBXNativeTarget;
			buildConfigurationList = 00B1CA342FB83ED1007F3676 /* Build configuration list for PBXNativeTarget "HibixTests" */;
			buildPhases = (
				00B1CA192FB83ED1007F3676 /* Sources */,
				00B1CA1A2FB83ED1007F3676 /* Frameworks */,
				00B1CA1B2FB83ED1007F3676 /* Resources */,
			);
			buildRules = (
			);
			dependencies = (
				00B1CA1F2FB83ED1007F3676 /* PBXTargetDependency */,
			);
			fileSystemSynchronizedGroups = (
				00B1CA202FB83ED1007F3676 /* HibixTests */,
			);
			name = HibixTests;
			packageProductDependencies = (
			);
			productName = HibixTests;
			productReference = 00B1CA1D2FB83ED1007F3676 /* HibixTests.xctest */;
			productType = "com.apple.product-type.bundle.unit-test";
		};
		00B1CA262FB83ED1007F3676 /* HibixUITests */ = {
			isa = PBXNativeTarget;
			buildConfigurationList = 00B1CA372FB83ED1007F3676 /* Build configuration list for PBXNativeTarget "HibixUITests" */;
			buildPhases = (
				00B1CA232FB83ED1007F3676 /* Sources */,
				00B1CA242FB83ED1007F3676 /* Frameworks */,
				00B1CA252FB83ED1007F3676 /* Resources */,
			);
			buildRules = (
			);
			dependencies = (
				00B1CA292FB83ED1007F3676 /* PBXTargetDependency */,
			);
			fileSystemSynchronizedGroups = (
				00B1CA2A2FB83ED1007F3676 /* HibixUITests */,
			);
			name = HibixUITests;
			packageProductDependencies = (
			);
			productName = HibixUITests;
			productReference = 00B1CA272FB83ED1007F3676 /* HibixUITests.xctest */;
			productType = "com.apple.product-type.bundle.ui-testing";
		};
/* End PBXNativeTarget section */

/* Begin PBXProject section */
		00B1CA082FB83ECC007F3676 /* Project object */ = {
			isa = PBXProject;
			attributes = {
				BuildIndependentTargetsInParallel = 1;
				LastSwiftUpdateCheck = 2640;
				LastUpgradeCheck = 2640;
				TargetAttributes = {
					00B1CA0F2FB83ECC007F3676 = {
						CreatedOnToolsVersion = 26.4;
					};
					00B1CA1C2FB83ED1007F3676 = {
						CreatedOnToolsVersion = 26.4;
						TestTargetID = 00B1CA0F2FB83ECC007F3676;
					};
					00B1CA262FB83ED1007F3676 = {
						CreatedOnToolsVersion = 26.4;
						TestTargetID = 00B1CA0F2FB83ECC007F3676;
					};
				};
			};
			buildConfigurationList = 00B1CA0B2FB83ECC007F3676 /* Build configuration list for PBXProject "Hibix" */;
			developmentRegion = en;
			hasScannedForEncodings = 0;
			knownRegions = (
				en,
				Base,
			);
			mainGroup = 00B1CA072FB83ECC007F3676;
			minimizedProjectReferenceProxies = 1;
			packageReferences = (
				000978CB2FB8410100B4CF4B /* XCRemoteSwiftPackageReference "GRDB" */,
				000978D02FB8414000B4CF4B /* XCRemoteSwiftPackageReference "KeychainAccess" */,
			);
			preferredProjectObjectVersion = 77;
			productRefGroup = 00B1CA112FB83ECC007F3676 /* Products */;
			projectDirPath = "";
			projectRoot = "";
			targets = (
				00B1CA0F2FB83ECC007F3676 /* Hibix */,
				00B1CA1C2FB83ED1007F3676 /* HibixTests */,
				00B1CA262FB83ED1007F3676 /* HibixUITests */,
			);
		};
/* End PBXProject section */

/* Begin PBXResourcesBuildPhase section */
		00B1CA0E2FB83ECC007F3676 /* Resources */ = {
			isa = PBXResourcesBuildPhase;
			buildActionMask = 2147483647;
			files = (
			);
			runOnlyForDeploymentPostprocessing = 0;
		};
		00B1CA1B2FB83ED1007F3676 /* Resources */ = {
			isa = PBXResourcesBuildPhase;
			buildActionMask = 2147483647;
			files = (
			);
			runOnlyForDeploymentPostprocessing = 0;
		};
		00B1CA252FB83ED1007F3676 /* Resources */ = {
			isa = PBXResourcesBuildPhase;
			buildActionMask = 2147483647;
			files = (
			);
			runOnlyForDeploymentPostprocessing = 0;
		};
/* End PBXResourcesBuildPhase section */

/* Begin PBXSourcesBuildPhase section */
		00B1CA0C2FB83ECC007F3676 /* Sources */ = {
			isa = PBXSourcesBuildPhase;
			buildActionMask = 2147483647;
			files = (
			);
			runOnlyForDeploymentPostprocessing = 0;
		};
		00B1CA192FB83ED1007F3676 /* Sources */ = {
			isa = PBXSourcesBuildPhase;
			buildActionMask = 2147483647;
			files = (
			);
			runOnlyForDeploymentPostprocessing = 0;
		};
		00B1CA232FB83ED1007F3676 /* Sources */ = {
			isa = PBXSourcesBuildPhase;
			buildActionMask = 2147483647;
			files = (
			);
			runOnlyForDeploymentPostprocessing = 0;
		};
/* End PBXSourcesBuildPhase section */

/* Begin PBXTargetDependency section */
		00B1CA1F2FB83ED1007F3676 /* PBXTargetDependency */ = {
			isa = PBXTargetDependency;
			target = 00B1CA0F2FB83ECC007F3676 /* Hibix */;
			targetProxy = 00B1CA1E2FB83ED1007F3676 /* PBXContainerItemProxy */;
		};
		00B1CA292FB83ED1007F3676 /* PBXTargetDependency */ = {
			isa = PBXTargetDependency;
			target = 00B1CA0F2FB83ECC007F3676 /* Hibix */;
			targetProxy = 00B1CA282FB83ED1007F3676 /* PBXContainerItemProxy */;
		};
/* End PBXTargetDependency section */

/* Begin XCBuildConfiguration section */
		00B1CA2F2FB83ED1007F3676 /* Debug */ = {
			isa = XCBuildConfiguration;
			buildSettings = {
				ALWAYS_SEARCH_USER_PATHS = NO;
				ASSETCATALOG_COMPILER_GENERATE_SWIFT_ASSET_SYMBOL_EXTENSIONS = YES;
				CLANG_ANALYZER_NONNULL = YES;
				CLANG_ANALYZER_NUMBER_OBJECT_CONVERSION = YES_AGGRESSIVE;
				CLANG_CXX_LANGUAGE_STANDARD = "gnu++20";
				CLANG_ENABLE_MODULES = YES;
				CLANG_ENABLE_OBJC_ARC = YES;
				CLANG_ENABLE_OBJC_WEAK = YES;
				CLANG_WARN_BLOCK_CAPTURE_AUTORELEASING = YES;
				CLANG_WARN_BOOL_CONVERSION = YES;
				CLANG_WARN_COMMA = YES;
				CLANG_WARN_CONSTANT_CONVERSION = YES;
				CLANG_WARN_DEPRECATED_OBJC_IMPLEMENTATIONS = YES;
				CLANG_WARN_DIRECT_OBJC_ISA_USAGE = YES_ERROR;
				CLANG_WARN_DOCUMENTATION_COMMENTS = YES;
				CLANG_WARN_EMPTY_BODY = YES;
				CLANG_WARN_ENUM_CONVERSION = YES;
				CLANG_WARN_INFINITE_RECURSION = YES;
				CLANG_WARN_INT_CONVERSION = YES;
				CLANG_WARN_NON_LITERAL_NULL_CONVERSION = YES;
				CLANG_WARN_OBJC_IMPLICIT_RETAIN_SELF = YES;
				CLANG_WARN_OBJC_LITERAL_CONVERSION = YES;
				CLANG_WARN_OBJC_ROOT_CLASS = YES_ERROR;
				CLANG_WARN_QUOTED_INCLUDE_IN_FRAMEWORK_HEADER = YES;
				CLANG_WARN_RANGE_LOOP_ANALYSIS = YES;
				CLANG_WARN_STRICT_PROTOTYPES = YES;
				CLANG_WARN_SUSPICIOUS_MOVE = YES;
				CLANG_WARN_UNGUARDED_AVAILABILITY = YES_AGGRESSIVE;
				CLANG_WARN_UNREACHABLE_CODE = YES;
				CLANG_WARN__DUPLICATE_METHOD_MATCH = YES;
				COPY_PHASE_STRIP = NO;
				DEBUG_INFORMATION_FORMAT = dwarf;
				ENABLE_STRICT_OBJC_MSGSEND = YES;
				ENABLE_TESTABILITY = YES;
				ENABLE_USER_SCRIPT_SANDBOXING = YES;
				GCC_C_LANGUAGE_STANDARD = gnu17;
				GCC_DYNAMIC_NO_PIC = NO;
				GCC_NO_COMMON_BLOCKS = YES;
				GCC_OPTIMIZATION_LEVEL = 0;
				GCC_PREPROCESSOR_DEFINITIONS = (
					"DEBUG=1",
					"$(inherited)",
				);
				GCC_WARN_64_TO_32_BIT_CONVERSION = YES;
				GCC_WARN_ABOUT_RETURN_TYPE = YES_ERROR;
				GCC_WARN_UNDECLARED_SELECTOR = YES;
				GCC_WARN_UNINITIALIZED_AUTOS = YES_AGGRESSIVE;
				GCC_WARN_UNUSED_FUNCTION = YES;
				GCC_WARN_UNUSED_VARIABLE = YES;
				IPHONEOS_DEPLOYMENT_TARGET = 17.0;
				LOCALIZATION_PREFERS_STRING_CATALOGS = YES;
				MTL_ENABLE_DEBUG_INFO = INCLUDE_SOURCE;
				MTL_FAST_MATH = YES;
				ONLY_ACTIVE_ARCH = YES;
				SDKROOT = iphoneos;
				SWIFT_ACTIVE_COMPILATION_CONDITIONS = "DEBUG $(inherited)";
				SWIFT_OPTIMIZATION_LEVEL = "-Onone";
			};
			name = Debug;
		};
		00B1CA302FB83ED1007F3676 /* Release */ = {
			isa = XCBuildConfiguration;
			buildSettings = {
				ALWAYS_SEARCH_USER_PATHS = NO;
				ASSETCATALOG_COMPILER_GENERATE_SWIFT_ASSET_SYMBOL_EXTENSIONS = YES;
				CLANG_ANALYZER_NONNULL = YES;
				CLANG_ANALYZER_NUMBER_OBJECT_CONVERSION = YES_AGGRESSIVE;
				CLANG_CXX_LANGUAGE_STANDARD = "gnu++20";
				CLANG_ENABLE_MODULES = YES;
				CLANG_ENABLE_OBJC_ARC = YES;
				CLANG_ENABLE_OBJC_WEAK = YES;
				CLANG_WARN_BLOCK_CAPTURE_AUTORELEASING = YES;
				CLANG_WARN_BOOL_CONVERSION = YES;
				CLANG_WARN_COMMA = YES;
				CLANG_WARN_CONSTANT_CONVERSION = YES;
				CLANG_WARN_DEPRECATED_OBJC_IMPLEMENTATIONS = YES;
				CLANG_WARN_DIRECT_OBJC_ISA_USAGE = YES_ERROR;
				CLANG_WARN_DOCUMENTATION_COMMENTS = YES;
				CLANG_WARN_EMPTY_BODY = YES;
				CLANG_WARN_ENUM_CONVERSION = YES;
				CLANG_WARN_INFINITE_RECURSION = YES;
				CLANG_WARN_INT_CONVERSION = YES;
				CLANG_WARN_NON_LITERAL_NULL_CONVERSION = YES;
				CLANG_WARN_OBJC_IMPLICIT_RETAIN_SELF = YES;
				CLANG_WARN_OBJC_LITERAL_CONVERSION = YES;
				CLANG_WARN_OBJC_ROOT_CLASS = YES_ERROR;
				CLANG_WARN_QUOTED_INCLUDE_IN_FRAMEWORK_HEADER = YES;
				CLANG_WARN_RANGE_LOOP_ANALYSIS = YES;
				CLANG_WARN_STRICT_PROTOTYPES = YES;
				CLANG_WARN_SUSPICIOUS_MOVE = YES;
				CLANG_WARN_UNGUARDED_AVAILABILITY = YES_AGGRESSIVE;
				CLANG_WARN_UNREACHABLE_CODE = YES;
				CLANG_WARN__DUPLICATE_METHOD_MATCH = YES;
				COPY_PHASE_STRIP = NO;
				DEBUG_INFORMATION_FORMAT = "dwarf-with-dsym";
				ENABLE_NS_ASSERTIONS = NO;
				ENABLE_STRICT_OBJC_MSGSEND = YES;
				ENABLE_USER_SCRIPT_SANDBOXING = YES;
				GCC_C_LANGUAGE_STANDARD = gnu17;
				GCC_NO_COMMON_BLOCKS = YES;
				GCC_WARN_64_TO_32_BIT_CONVERSION = YES;
				GCC_WARN_ABOUT_RETURN_TYPE = YES_ERROR;
				GCC_WARN_UNDECLARED_SELECTOR = YES;
				GCC_WARN_UNINITIALIZED_AUTOS = YES_AGGRESSIVE;
				GCC_WARN_UNUSED_FUNCTION = YES;
				GCC_WARN_UNUSED_VARIABLE = YES;
				IPHONEOS_DEPLOYMENT_TARGET = 17.0;
				LOCALIZATION_PREFERS_STRING_CATALOGS = YES;
				MTL_ENABLE_DEBUG_INFO = NO;
				MTL_FAST_MATH = YES;
				SDKROOT = iphoneos;
				SWIFT_COMPILATION_MODE = wholemodule;
				VALIDATE_PRODUCT = YES;
			};
			name = Release;
		};
		00B1CA322FB83ED1007F3676 /* Debug */ = {
			isa = XCBuildConfiguration;
			buildSettings = {
				ASSETCATALOG_COMPILER_APPICON_NAME = AppIcon;
				ASSETCATALOG_COMPILER_GLOBAL_ACCENT_COLOR_NAME = AccentColor;
				CODE_SIGN_ENTITLEMENTS = SupportingFiles/Hibix.Debug.entitlements;
				CODE_SIGN_STYLE = Automatic;
				CURRENT_PROJECT_VERSION = 5;
				DEVELOPMENT_TEAM = N9UZ38LQ27;
				ENABLE_PREVIEWS = YES;
				INFOPLIST_FILE = SupportingFiles/Info.plist;
				INFOPLIST_KEY_HIBIX_API_BASE_URL = "https://api.hibix.app";
				LD_RUNPATH_SEARCH_PATHS = (
					"$(inherited)",
					"@executable_path/Frameworks",
				);
				MARKETING_VERSION = 1.0.5;
				PRODUCT_BUNDLE_IDENTIFIER = com.shimogun.hibix;
				PRODUCT_NAME = "$(TARGET_NAME)";
				STRING_CATALOG_GENERATE_SYMBOLS = YES;
				SWIFT_APPROACHABLE_CONCURRENCY = YES;
				SWIFT_DEFAULT_ACTOR_ISOLATION = MainActor;
				SWIFT_EMIT_LOC_STRINGS = YES;
				SWIFT_UPCOMING_FEATURE_MEMBER_IMPORT_VISIBILITY = YES;
				SWIFT_VERSION = 5.0;
				TARGETED_DEVICE_FAMILY = 1;
			};
			name = Debug;
		};
		00B1CA332FB83ED1007F3676 /* Release */ = {
			isa = XCBuildConfiguration;
			buildSettings = {
				ASSETCATALOG_COMPILER_APPICON_NAME = AppIcon;
				ASSETCATALOG_COMPILER_GLOBAL_ACCENT_COLOR_NAME = AccentColor;
				CODE_SIGN_ENTITLEMENTS = SupportingFiles/Hibix.Release.entitlements;
				CODE_SIGN_STYLE = Automatic;
				CURRENT_PROJECT_VERSION = 5;
				DEVELOPMENT_TEAM = N9UZ38LQ27;
				ENABLE_PREVIEWS = YES;
				INFOPLIST_FILE = SupportingFiles/Info.plist;
				INFOPLIST_KEY_HIBIX_API_BASE_URL = "https://api.hibix.app";
				LD_RUNPATH_SEARCH_PATHS = (
					"$(inherited)",
					"@executable_path/Frameworks",
				);
				MARKETING_VERSION = 1.0.5;
				PRODUCT_BUNDLE_IDENTIFIER = com.shimogun.hibix;
				PRODUCT_NAME = "$(TARGET_NAME)";
				STRING_CATALOG_GENERATE_SYMBOLS = YES;
				SWIFT_APPROACHABLE_CONCURRENCY = YES;
				SWIFT_DEFAULT_ACTOR_ISOLATION = MainActor;
				SWIFT_EMIT_LOC_STRINGS = YES;
				SWIFT_UPCOMING_FEATURE_MEMBER_IMPORT_VISIBILITY = YES;
				SWIFT_VERSION = 5.0;
				TARGETED_DEVICE_FAMILY = 1;
			};
			name = Release;
		};
		00B1CA352FB83ED1007F3676 /* Debug */ = {
			isa = XCBuildConfiguration;
			buildSettings = {
				BUNDLE_LOADER = "$(TEST_HOST)";
				CODE_SIGN_STYLE = Automatic;
				CURRENT_PROJECT_VERSION = 7;
				DEVELOPMENT_TEAM = N9UZ38LQ27;
				GENERATE_INFOPLIST_FILE = YES;
				IPHONEOS_DEPLOYMENT_TARGET = 17.0;
				MARKETING_VERSION = 1.0.2;
				PRODUCT_BUNDLE_IDENTIFIER = com.shimogun.hibix.tests;
				PRODUCT_NAME = "$(TARGET_NAME)";
				STRING_CATALOG_GENERATE_SYMBOLS = NO;
				SWIFT_APPROACHABLE_CONCURRENCY = YES;
				SWIFT_EMIT_LOC_STRINGS = NO;
				SWIFT_UPCOMING_FEATURE_MEMBER_IMPORT_VISIBILITY = YES;
				SWIFT_VERSION = 5.0;
				TARGETED_DEVICE_FAMILY = 1;
				TEST_HOST = "$(BUILT_PRODUCTS_DIR)/Hibix.app/$(BUNDLE_EXECUTABLE_FOLDER_PATH)/Hibix";
			};
			name = Debug;
		};
		00B1CA362FB83ED1007F3676 /* Release */ = {
			isa = XCBuildConfiguration;
			buildSettings = {
				BUNDLE_LOADER = "$(TEST_HOST)";
				CODE_SIGN_STYLE = Automatic;
				CURRENT_PROJECT_VERSION = 7;
				DEVELOPMENT_TEAM = N9UZ38LQ27;
				GENERATE_INFOPLIST_FILE = YES;
				IPHONEOS_DEPLOYMENT_TARGET = 17.0;
				MARKETING_VERSION = 1.0.2;
				PRODUCT_BUNDLE_IDENTIFIER = com.shimogun.hibix.tests;
				PRODUCT_NAME = "$(TARGET_NAME)";
				STRING_CATALOG_GENERATE_SYMBOLS = NO;
				SWIFT_APPROACHABLE_CONCURRENCY = YES;
				SWIFT_EMIT_LOC_STRINGS = NO;
				SWIFT_UPCOMING_FEATURE_MEMBER_IMPORT_VISIBILITY = YES;
				SWIFT_VERSION = 5.0;
				TARGETED_DEVICE_FAMILY = 1;
				TEST_HOST = "$(BUILT_PRODUCTS_DIR)/Hibix.app/$(BUNDLE_EXECUTABLE_FOLDER_PATH)/Hibix";
			};
			name = Release;
		};
		00B1CA382FB83ED1007F3676 /* Debug */ = {
			isa = XCBuildConfiguration;
			buildSettings = {
				CODE_SIGN_STYLE = Automatic;
				CURRENT_PROJECT_VERSION = 7;
				DEVELOPMENT_TEAM = N9UZ38LQ27;
				GENERATE_INFOPLIST_FILE = YES;
				MARKETING_VERSION = 1.0.2;
				PRODUCT_BUNDLE_IDENTIFIER = com.shimogun.hibix.uitests;
				PRODUCT_NAME = "$(TARGET_NAME)";
				STRING_CATALOG_GENERATE_SYMBOLS = NO;
				SWIFT_APPROACHABLE_CONCURRENCY = YES;
				SWIFT_EMIT_LOC_STRINGS = NO;
				SWIFT_UPCOMING_FEATURE_MEMBER_IMPORT_VISIBILITY = YES;
				SWIFT_VERSION = 5.0;
				TARGETED_DEVICE_FAMILY = 1;
				TEST_TARGET_NAME = Hibix;
			};
			name = Debug;
		};
		00B1CA392FB83ED1007F3676 /* Release */ = {
			isa = XCBuildConfiguration;
			buildSettings = {
				CODE_SIGN_STYLE = Automatic;
				CURRENT_PROJECT_VERSION = 7;
				DEVELOPMENT_TEAM = N9UZ38LQ27;
				GENERATE_INFOPLIST_FILE = YES;
				MARKETING_VERSION = 1.0.2;
				PRODUCT_BUNDLE_IDENTIFIER = com.shimogun.hibix.uitests;
				PRODUCT_NAME = "$(TARGET_NAME)";
				STRING_CATALOG_GENERATE_SYMBOLS = NO;
				SWIFT_APPROACHABLE_CONCURRENCY = YES;
				SWIFT_EMIT_LOC_STRINGS = NO;
				SWIFT_UPCOMING_FEATURE_MEMBER_IMPORT_VISIBILITY = YES;
				SWIFT_VERSION = 5.0;
				TARGETED_DEVICE_FAMILY = 1;
				TEST_TARGET_NAME = Hibix;
			};
			name = Release;
		};
/* End XCBuildConfiguration section */

/* Begin XCConfigurationList section */
		00B1CA0B2FB83ECC007F3676 /* Build configuration list for PBXProject "Hibix" */ = {
			isa = XCConfigurationList;
			buildConfigurations = (
				00B1CA2F2FB83ED1007F3676 /* Debug */,
				00B1CA302FB83ED1007F3676 /* Release */,
			);
			defaultConfigurationIsVisible = 0;
			defaultConfigurationName = Release;
		};
		00B1CA312FB83ED1007F3676 /* Build configuration list for PBXNativeTarget "Hibix" */ = {
			isa = XCConfigurationList;
			buildConfigurations = (
				00B1CA322FB83ED1007F3676 /* Debug */,
				00B1CA332FB83ED1007F3676 /* Release */,
			);
			defaultConfigurationIsVisible = 0;
			defaultConfigurationName = Release;
		};
		00B1CA342FB83ED1007F3676 /* Build configuration list for PBXNativeTarget "HibixTests" */ = {
			isa = XCConfigurationList;
			buildConfigurations = (
				00B1CA352FB83ED1007F3676 /* Debug */,
				00B1CA362FB83ED1007F3676 /* Release */,
			);
			defaultConfigurationIsVisible = 0;
			defaultConfigurationName = Release;
		};
		00B1CA372FB83ED1007F3676 /* Build configuration list for PBXNativeTarget "HibixUITests" */ = {
			isa = XCConfigurationList;
			buildConfigurations = (
				00B1CA382FB83ED1007F3676 /* Debug */,
				00B1CA392FB83ED1007F3676 /* Release */,
			);
			defaultConfigurationIsVisible = 0;
			defaultConfigurationName = Release;
		};
/* End XCConfigurationList section */

/* Begin XCRemoteSwiftPackageReference section */
		000978CB2FB8410100B4CF4B /* XCRemoteSwiftPackageReference "GRDB" */ = {
			isa = XCRemoteSwiftPackageReference;
			repositoryURL = "https://github.com/groue/GRDB.swift";
			requirement = {
				kind = upToNextMajorVersion;
				minimumVersion = 6.29.0;
			};
		};
		000978D02FB8414000B4CF4B /* XCRemoteSwiftPackageReference "KeychainAccess" */ = {
			isa = XCRemoteSwiftPackageReference;
			repositoryURL = "https://github.com/kishikawakatsumi/KeychainAccess";
			requirement = {
				kind = upToNextMajorVersion;
				minimumVersion = 4.2.2;
			};
		};
/* End XCRemoteSwiftPackageReference section */

/* Begin XCSwiftPackageProductDependency section */
		000978CC2FB8410100B4CF4B /* GRDB */ = {
			isa = XCSwiftPackageProductDependency;
			package = 000978CB2FB8410100B4CF4B /* XCRemoteSwiftPackageReference "GRDB" */;
			productName = GRDB;
		};
		000978D12FB8414000B4CF4B /* KeychainAccess */ = {
			isa = XCSwiftPackageProductDependency;
			package = 000978D02FB8414000B4CF4B /* XCRemoteSwiftPackageReference "KeychainAccess" */;
			productName = KeychainAccess;
		};
/* End XCSwiftPackageProductDependency section */
	};
	rootObject = 00B1CA082FB83ECC007F3676 /* Project object */;
}
